
Microsoft Visual Studio Solution File, Format Version 12.00
# Visual Studio Version 17
VisualStudioVersion = 17.10.34928.147
MinimumVisualStudioVersion = 10.0.40219.1
Project("{9A19103F-16F7-4668-BE54-9A1E7A4F7556}") = "MinimalAPI", "MinimalAPI\MinimalAPI.csproj", "{66700F4C-CAB8-468A-8FDD-18704F4DFC70}"
EndProject
Project("{2150E333-8FDC-42A3-9474-1A3956D46DE8}") = "Application", "Application", "{67890DF1-6DCF-4A63-A768-90464AAB01CF}"
EndProject
Project("{2150E333-8FDC-42A3-9474-1A3956D46DE8}") = "Domain", "Domain", "{30E2FA61-34E2-450A-A6B6-7C2810CA7D56}"
EndProject
Project("{2150E333-8FDC-42A3-9474-1A3956D46DE8}") = "Infrastructure", "Infrastructure", "{7689E34B-7620-4FD5-995E-C870A2E38E2C}"
EndProject
Project("{9A19103F-16F7-4668-BE54-9A1E7A4F7556}") = "MinimalAPI.Interface", "Application\MinimalAPI.Interface\MinimalAPI.Interface.csproj", "{739BE036-182A-4C86-9CF9-2A16C723B8CB}"
EndProject
Project("{9A19103F-16F7-4668-BE54-9A1E7A4F7556}") = "MinimalAPI.Models", "Domain\MinimalAPI.Models\MinimalAPI.Models.csproj", "{F2121249-5E0C-493F-A916-2AB9BF297F12}"
EndProject
Project("{9A19103F-16F7-4668-BE54-9A1E7A4F7556}") = "MinimalAPI.Repository", "Infrastructure\MinimalAPI.Repository\MinimalAPI.Repository.csproj", "{5F4F6BCB-CB1A-4AE1-9557-65FDFC8BB14F}"
EndProject
Project("{2150E333-8FDC-42A3-9474-1A3956D46DE8}") = "Tests", "Tests", "{ED97BDAC-1708-4907-9296-6B97367A18EC}"
EndProject
Project("{9A19103F-16F7-4668-BE54-9A1E7A4F7556}") = "MinimalAPI.Repository.UnitTests", "Tests\MinimalAPI.Repository.UnitTests\MinimalAPI.Repository.UnitTests.csproj", "{B19C8053-475E-4712-884F-AF2234F8A19D}"
EndProject
Project("{9A19103F-16F7-4668-BE54-9A1E7A4F7556}") = "MinimalAPI.IntegrationTest", "Tests\MinimalAPI.IntegrationTest\MinimalAPI.IntegrationTest.csproj", "{A8C5E161-E8FF-4616-84CF-CB631E041AC8}"
EndProject
Project("{FAE04EC0-301F-11D3-BF4B-00C04F79EFBC}") = "MinimalAPI.E2ETesting", "Tests\MinimalAPI.E2ETesting\MinimalAPI.E2ETesting.csproj", "{DEC095E7-2368-45EB-AF4A-13986FA68C2D}"
EndProject
Global
	GlobalSection(SolutionConfigurationPlatforms) = preSolution
		Debug|Any CPU = Debug|Any CPU
		Release|Any CPU = Release|Any CPU
	EndGlobalSection
	GlobalSection(ProjectConfigurationPlatforms) = postSolution
		{66700F4C-CAB8-468A-8FDD-18704F4DFC70}.Debug|Any CPU.ActiveCfg = Debug|Any CPU
		{66700F4C-CAB8-468A-8FDD-18704F4DFC70}.Debug|Any CPU.Build.0 = Debug|Any CPU
		{66700F4C-CAB8-468A-8FDD-18704F4DFC70}.Release|Any CPU.ActiveCfg = Release|Any CPU
		{66700F4C-CAB8-468A-8FDD-18704F4DFC70}.Release|Any CPU.Build.0 = Release|Any CPU
		{739BE036-182A-4C86-9CF9-2A16C723B8CB}.Debug|Any CPU.ActiveCfg = Debug|Any CPU
		{739BE036-182A-4C86-9CF9-2A16C723B8CB}.Debug|Any CPU.Build.0 = Debug|Any CPU
		{739BE036-182A-4C86-9CF9-2A16C723B8CB}.Release|Any CPU.ActiveCfg = Release|Any CPU
		{739BE036-182A-4C86-9CF9-2A16C723B8CB}.Release|Any CPU.Build.0 = Release|Any CPU
		{F2121249-5E0C-493F-A916-2AB9BF297F12}.Debug|Any CPU.ActiveCfg = Debug|Any CPU
		{F2121249-5E0C-493F-A916-2AB9BF297F12}.Debug|Any CPU.Build.0 = Debug|Any CPU
		{F2121249-5E0C-493F-A916-2AB9BF297F12}.Release|Any CPU.ActiveCfg = Release|Any CPU
		{F2121249-5E0C-493F-A916-2AB9BF297F12}.Release|Any CPU.Build.0 = Release|Any CPU
		{5F4F6BCB-CB1A-4AE1-9557-65FDFC8BB14F}.Debug|Any CPU.ActiveCfg = Debug|Any CPU
		{5F4F6BCB-CB1A-4AE1-9557-65FDFC8BB14F}.Debug|Any CPU.Build.0 = Debug|Any CPU
		{5F4F6BCB-CB1A-4AE1-9557-65FDFC8BB14F}.Release|Any CPU.ActiveCfg = Release|Any CPU
		{5F4F6BCB-CB1A-4AE1-9557-65FDFC8BB14F}.Release|Any CPU.Build.0 = Release|Any CPU
		{B19C8053-475E-4712-884F-AF2234F8A19D}.Debug|Any CPU.ActiveCfg = Debug|Any CPU
		{B19C8053-475E-4712-884F-AF2234F8A19D}.Debug|Any CPU.Build.0 = Debug|Any CPU
		{B19C8053-475E-4712-884F-AF2234F8A19D}.Release|Any CPU.ActiveCfg = Release|Any CPU
		{B19C8053-475E-4712-884F-AF2234F8A19D}.Release|Any CPU.Build.0 = Release|Any CPU
		{A8C5E161-E8FF-4616-84CF-CB631E041AC8}.Debug|Any CPU.ActiveCfg = Debug|Any CPU
		{A8C5E161-E8FF-4616-84CF-CB631E041AC8}.Debug|Any CPU.Build.0 = Debug|Any CPU
		{A8C5E161-E8FF-4616-84CF-CB631E041AC8}.Release|Any CPU.ActiveCfg = Release|Any CPU
		{A8C5E161-E8FF-4616-84CF-CB631E041AC8}.Release|Any CPU.Build.0 = Release|Any CPU
		{DEC095E7-2368-45EB-AF4A-13986FA68C2D}.Debug|Any CPU.ActiveCfg = Debug|Any CPU
		{DEC095E7-2368-45EB-AF4A-13986FA68C2D}.Debug|Any CPU.Build.0 = Debug|Any CPU
		{DEC095E7-2368-45EB-AF4A-13986FA68C2D}.Release|Any CPU.ActiveCfg = Release|Any CPU
		{DEC095E7-2368-45EB-AF4A-13986FA68C2D}.Release|Any CPU.Build.0 = Release|Any CPU
	EndGlobalSection
	GlobalSection(SolutionProperties) = preSolution
		HideSolutionNode = FALSE
	EndGlobalSection
	GlobalSection(NestedProjects) = preSolution
		{739BE036-182A-4C86-9CF9-2A16C723B8CB} = {67890DF1-6DCF-4A63-A768-90464AAB01CF}
		{F2121249-5E0C-493F-A916-2AB9BF297F12} = {30E2FA61-34E2-450A-A6B6-7C2810CA7D56}
		{5F4F6BCB-CB1A-4AE1-9557-65FDFC8BB14F} = {7689E34B-7620-4FD5-995E-C870A2E38E2C}
		{B19C8053-475E-4712-884F-AF2234F8A19D} = {ED97BDAC-1708-4907-9296-6B97367A18EC}
		{A8C5E161-E8FF-4616-84CF-CB631E041AC8} = {ED97BDAC-1708-4907-9296-6B97367A18EC}
		{DEC095E7-2368-45EB-AF4A-13986FA68C2D} = {ED97BDAC-1708-4907-9296-6B97367A18EC}
	EndGlobalSection
	GlobalSection(ExtensibilityGlobals) = postSolution
		SolutionGuid = {97873E60-29A1-4A8D-B8AD-4777D9475157}
	EndGlobalSection
EndGlobal
